
Microsoft Visual Studio Solution File, Format Version 12.00
# Visual Studio 15
VisualStudioVersion = 15.0.26730.16
MinimumVisualStudioVersion = 10.0.40219.1
Project("{FAE04EC0-301F-11D3-BF4B-00C04F79EFBC}") = "MonoGame_Linked_List", "MonoGame_Linked_List\MonoGame_Linked_List.csproj", "{4B722F76-C926-4AF2-9CE5-01517AB79C78}"
EndProject
Global
	GlobalSection(SolutionConfigurationPlatforms) = preSolution
		Debug|x86 = Debug|x86
		Release|x86 = Release|x86
	EndGlobalSection
	GlobalSection(ProjectConfigurationPlatforms) = postSolution
		{4B722F76-C926-4AF2-9CE5-01517AB79C78}.Debug|x86.ActiveCfg = Debug|x86
		{4B722F76-C926-4AF2-9CE5-01517AB79C78}.Debug|x86.Build.0 = Debug|x86
		{4B722F76-C926-4AF2-9CE5-01517AB79C78}.Release|x86.ActiveCfg = Release|x86
		{4B722F76-C926-4AF2-9CE5-01517AB79C78}.Release|x86.Build.0 = Release|x86
	EndGlobalSection
	GlobalSection(SolutionProperties) = preSolution
		HideSolutionNode = FALSE
	EndGlobalSection
	GlobalSection(ExtensibilityGlobals) = postSolution
		SolutionGuid = {1A47C1C8-AE6C-4652-BB11-46F3C2CE4AFC}
	EndGlobalSection
EndGlobal
